---
lockfileVersion: '9.0'

importers:

  .:
    configDependencies: {}
    packageManagerDependencies:
      '@pnpm/exe':
        specifier: ^11.1.3
        version: 11.8.0
      pnpm:
        specifier: ^11.1.3
        version: 11.8.0

packages:

  '@pnpm/exe@11.8.0':
    resolution: {integrity: sha512-Z4yxxE+Q2bi36Ol/hNN/420TLk6MG1LxB80sIFvwFq2cr8zRkO446c8Ho+jFaBOxdFiGE7RPT5a3tvu9JQarsg==}
    hasBin: true

  '@pnpm/linux-arm64@11.8.0':
    resolution: {integrity: sha512-GynFy14/J4CBFnAl0yIAZofHFjVT9O630/6SQizF+g/tmtgA/LD8LNydlaqp0IqJHLpAYgP6NCz1GpNjAXDSFw==}
    cpu: [arm64]
    os: [linux]

  '@pnpm/linux-x64@11.8.0':
    resolution: {integrity: sha512-t8xZUgi1+3zUDKD7vVv+njzEE22KKVsEx8mDOnHhcrvdk0VQjlXw1gsBRr5qgHm1mSLBHM59p8HYskbIvKs2Bg==}
    cpu: [x64]
    os: [linux]

  '@pnpm/linuxstatic-arm64@11.8.0':
    resolution: {integrity: sha512-sImQtnqan8mkTE4PPil9Kz3pPtQ+pBvhYEMUFBgOzhHAWloxVRDKK0pJvUXJmx+NqQNng5SiEvhjoAUdm5p34g==}
    cpu: [arm64]
    os: [linux]
    libc: [musl]

  '@pnpm/linuxstatic-x64@11.8.0':
    resolution: {integrity: sha512-/amFWeX2wOmsuCpEHs+65RBgniuncIE0eCqWdOI7nBk3rcu8SniVeZ8Lq5rABjqNBYUU65zKwHJ5NyWwc+BrKg==}
    cpu: [x64]
    os: [linux]
    libc: [musl]

  '@pnpm/macos-arm64@11.8.0':
    resolution: {integrity: sha512-r7OWbYzpvO3CPCozezysoAfpYvUNX0w/2DpqA+lX4HcuBQi7GAR4xx6Gdhbg52uPA7Qux+7kHUj3gL/Mn8DEAA==}
    cpu: [arm64]
    os: [darwin]

  '@pnpm/win-arm64@11.8.0':
    resolution: {integrity: sha512-BGXgcCdDX1QHv7D3QbQnP4aY/jr9DkSV/fqiiCTaYsgDF4/bOqcjlCr+Md6Az7HL/PJ8bxyjPIqHhdBzZh2TSg==}
    cpu: [arm64]
    os: [win32]

  '@pnpm/win-x64@11.8.0':
    resolution: {integrity: sha512-J6inRM26+P1hL3DLWLBLI/imW2VlxjSFJsnSlaVvPC6PiGJbC96JhGZ+7l9Oag8loWjb9Z1DbcOf3ibDA9XRJA==}
    cpu: [x64]
    os: [win32]

  '@reflink/reflink-darwin-arm64@0.1.19':
    resolution: {integrity: sha512-ruy44Lpepdk1FqDz38vExBY/PVUsjxZA+chd9wozjUH9JjuDT/HEaQYA6wYN9mf041l0yLVar6BCZuWABJvHSA==}
    engines: {node: '>= 10'}
    cpu: [arm64]
    os: [darwin]

  '@reflink/reflink-darwin-x64@0.1.19':
    resolution: {integrity: sha512-By85MSWrMZa+c26TcnAy8SDk0sTUkYlNnwknSchkhHpGXOtjNDUOxJE9oByBnGbeuIE1PiQsxDG3Ud+IVV9yuA==}
    engines: {node: '>= 10'}
    cpu: [x64]
    os: [darwin]

  '@reflink/reflink-linux-arm64-gnu@0.1.19':
    resolution: {integrity: sha512-7P+er8+rP9iNeN+bfmccM4hTAaLP6PQJPKWSA4iSk2bNvo6KU6RyPgYeHxXmzNKzPVRcypZQTpFgstHam6maVg==}
    engines: {node: '>= 10'}
    cpu: [arm64]
    os: [linux]
    libc: [glibc]

  '@reflink/reflink-linux-arm64-musl@0.1.19':
    resolution: {integrity: sha512-37iO/Dp6m5DDaC2sf3zPtx/hl9FV3Xze4xoYidrxxS9bgP3S8ALroxRK6xBG/1TtfXKTvolvp+IjrUU6ujIGmA==}
    engines: {node: '>= 10'}
    cpu: [arm64]
    os: [linux]
    libc: [musl]

  '@reflink/reflink-linux-x64-gnu@0.1.19':
    resolution: {integrity: sha512-jbI8jvuYCaA3MVUdu8vLoLAFqC+iNMpiSuLbxlAgg7x3K5bsS8nOpTRnkLF7vISJ+rVR8W+7ThXlXlUQ93ulkw==}
    engines: {node: '>= 10'}
    cpu: [x64]
    os: [linux]
    libc: [glibc]

  '@reflink/reflink-linux-x64-musl@0.1.19':
    resolution: {integrity: sha512-e9FBWDe+lv7QKAwtKOt6A2W/fyy/aEEfr0g6j/hWzvQcrzHCsz07BNQYlNOjTfeytrtLU7k449H1PI95jA4OjQ==}
    engines: {node: '>= 10'}
    cpu: [x64]
    os: [linux]
    libc: [musl]

  '@reflink/reflink-win32-arm64-msvc@0.1.19':
    resolution: {integrity: sha512-09PxnVIQcd+UOn4WAW73WU6PXL7DwGS6wPlkMhMg2zlHHG65F3vHepOw06HFCq+N42qkaNAc8AKIabWvtk6cIQ==}
    engines: {node: '>= 10'}
    cpu: [arm64]
    os: [win32]

  '@reflink/reflink-win32-x64-msvc@0.1.19':
    resolution: {integrity: sha512-E//yT4ni2SyhwP8JRjVGWr3cbnhWDiPLgnQ66qqaanjjnMiu3O/2tjCPQXlcGc/DEYofpDc9fvhv6tALQsMV9w==}
    engines: {node: '>= 10'}
    cpu: [x64]
    os: [win32]

  '@reflink/reflink@0.1.19':
    resolution: {integrity: sha512-DmCG8GzysnCZ15bres3N5AHCmwBwYgp0As6xjhQ47rAUTUXxJiK+lLUxaGsX3hd/30qUpVElh05PbGuxRPgJwA==}
    engines: {node: '>= 10'}

  detect-libc@2.1.2:
    resolution: {integrity: sha512-Btj2BOOO83o3WyH59e8MgXsxEQVcarkUOpEYrubB0urwnN10yQ364rsiByU11nZlqWYZm05i/of7io4mzihBtQ==}
    engines: {node: '>=8'}

  pnpm@11.8.0:
    resolution: {integrity: sha512-wfXnxMskHI8XS3Q4UdgvQrgCMkr8iw8Ra5atsVqgZmSUjd42lgo7oQebpbSyndAUATW5S1tfUmNZIknWjlVfJg==}
    engines: {node: '>=22.13'}
    hasBin: true

snapshots:

  '@pnpm/exe@11.8.0':
    dependencies:
      '@reflink/reflink': 0.1.19
      detect-libc: 2.1.2
    optionalDependencies:
      '@pnpm/linux-arm64': 11.8.0
      '@pnpm/linux-x64': 11.8.0
      '@pnpm/linuxstatic-arm64': 11.8.0
      '@pnpm/linuxstatic-x64': 11.8.0
      '@pnpm/macos-arm64': 11.8.0
      '@pnpm/win-arm64': 11.8.0
      '@pnpm/win-x64': 11.8.0

  '@pnpm/linux-arm64@11.8.0':
    optional: true

  '@pnpm/linux-x64@11.8.0':
    optional: true

  '@pnpm/linuxstatic-arm64@11.8.0':
    optional: true

  '@pnpm/linuxstatic-x64@11.8.0':
    optional: true

  '@pnpm/macos-arm64@11.8.0':
    optional: true

  '@pnpm/win-arm64@11.8.0':
    optional: true

  '@pnpm/win-x64@11.8.0':
    optional: true

  '@reflink/reflink-darwin-arm64@0.1.19':
    optional: true

  '@reflink/reflink-darwin-x64@0.1.19':
    optional: true

  '@reflink/reflink-linux-arm64-gnu@0.1.19':
    optional: true

  '@reflink/reflink-linux-arm64-musl@0.1.19':
    optional: true

  '@reflink/reflink-linux-x64-gnu@0.1.19':
    optional: true

  '@reflink/reflink-linux-x64-musl@0.1.19':
    optional: true

  '@reflink/reflink-win32-arm64-msvc@0.1.19':
    optional: true

  '@reflink/reflink-win32-x64-msvc@0.1.19':
    optional: true

  '@reflink/reflink@0.1.19':
    optionalDependencies:
      '@reflink/reflink-darwin-arm64': 0.1.19
      '@reflink/reflink-darwin-x64': 0.1.19
      '@reflink/reflink-linux-arm64-gnu': 0.1.19
      '@reflink/reflink-linux-arm64-musl': 0.1.19
      '@reflink/reflink-linux-x64-gnu': 0.1.19
      '@reflink/reflink-linux-x64-musl': 0.1.19
      '@reflink/reflink-win32-arm64-msvc': 0.1.19
      '@reflink/reflink-win32-x64-msvc': 0.1.19

  detect-libc@2.1.2: {}

  pnpm@11.8.0: {}

---
lockfileVersion: '9.0'

settings:
  autoInstallPeers: true
  excludeLinksFromLockfile: false

importers:

  .:
    devDependencies:
      '@rsbuild/core':
        specifier: ^2.0.15
        version: 2.0.15
      '@rsbuild/plugin-sass':
        specifier: ^1.5.3
        version: 1.5.3(@rsbuild/core@2.0.15)
      sass:
        specifier: ^1.101.0
        version: 1.101.0

packages:

  '@bufbuild/protobuf@2.12.0':
    resolution: {integrity: sha512-B/XlCaFIP8LOwzo+bz5uFzATYokcwCKQcghqnlfwSmM5eX/qTkvDBnDPs+gXtX/RyjxJ4DRikECcPJbyALA8FA==}

  '@emnapi/core@1.10.0':
    resolution: {integrity: sha512-yq6OkJ4p82CAfPl0u9mQebQHKPJkY7WrIuk205cTYnYe+k2Z8YBh11FrbRG/H6ihirqcacOgl2BIO8oyMQLeXw==}

  '@emnapi/runtime@1.10.0':
    resolution: {integrity: sha512-ewvYlk86xUoGI0zQRNq/mC+16R1QeDlKQy21Ki3oSYXNgLb45GV1P6A0M+/s6nyCuNDqe5VpaY84BzXGwVbwFA==}

  '@emnapi/wasi-threads@1.2.1':
    resolution: {integrity: sha512-uTII7OYF+/Mes/MrcIOYp5yOtSMLBWSIoLPpcgwipoiKbli6k322tcoFsxoIIxPDqW01SQGAgko4EzZi2BNv2w==}

  '@napi-rs/wasm-runtime@1.1.4':
    resolution: {integrity: sha512-3NQNNgA1YSlJb/kMH1ildASP9HW7/7kYnRI2szWJaofaS1hWmbGI4H+d3+22aGzXXN9IJ+n+GiFVcGipJP18ow==}
    peerDependencies:
      '@emnapi/core': ^1.7.1
      '@emnapi/runtime': ^1.7.1

  '@parcel/watcher-android-arm64@2.5.6':
    resolution: {integrity: sha512-YQxSS34tPF/6ZG7r/Ih9xy+kP/WwediEUsqmtf0cuCV5TPPKw/PQHRhueUo6JdeFJaqV3pyjm0GdYjZotbRt/A==}
    engines: {node: '>= 10.0.0'}
    cpu: [arm64]
    os: [android]

  '@parcel/watcher-darwin-arm64@2.5.6':
    resolution: {integrity: sha512-Z2ZdrnwyXvvvdtRHLmM4knydIdU9adO3D4n/0cVipF3rRiwP+3/sfzpAwA/qKFL6i1ModaabkU7IbpeMBgiVEA==}
    engines: {node: '>= 10.0.0'}
    cpu: [arm64]
    os: [darwin]

  '@parcel/watcher-darwin-x64@2.5.6':
    resolution: {integrity: sha512-HgvOf3W9dhithcwOWX9uDZyn1lW9R+7tPZ4sug+NGrGIo4Rk1hAXLEbcH1TQSqxts0NYXXlOWqVpvS1SFS4fRg==}
    engines: {node: '>= 10.0.0'}
    cpu: [x64]
    os: [darwin]

  '@parcel/watcher-freebsd-x64@2.5.6':
    resolution: {integrity: sha512-vJVi8yd/qzJxEKHkeemh7w3YAn6RJCtYlE4HPMoVnCpIXEzSrxErBW5SJBgKLbXU3WdIpkjBTeUNtyBVn8TRng==}
    engines: {node: '>= 10.0.0'}
    cpu: [x64]
    os: [freebsd]

  '@parcel/watcher-linux-arm-glibc@2.5.6':
    resolution: {integrity: sha512-9JiYfB6h6BgV50CCfasfLf/uvOcJskMSwcdH1PHH9rvS1IrNy8zad6IUVPVUfmXr+u+Km9IxcfMLzgdOudz9EQ==}
    engines: {node: '>= 10.0.0'}
    cpu: [arm]
    os: [linux]
    libc: [glibc]

  '@parcel/watcher-linux-arm-musl@2.5.6':
    resolution: {integrity: sha512-Ve3gUCG57nuUUSyjBq/MAM0CzArtuIOxsBdQ+ftz6ho8n7s1i9E1Nmk/xmP323r2YL0SONs1EuwqBp2u1k5fxg==}
    engines: {node: '>= 10.0.0'}
    cpu: [arm]
    os: [linux]
    libc: [musl]

  '@parcel/watcher-linux-arm64-glibc@2.5.6':
    resolution: {integrity: sha512-f2g/DT3NhGPdBmMWYoxixqYr3v/UXcmLOYy16Bx0TM20Tchduwr4EaCbmxh1321TABqPGDpS8D/ggOTaljijOA==}
    engines: {node: '>= 10.0.0'}
    cpu: [arm64]
    os: [linux]
    libc: [glibc]

  '@parcel/watcher-linux-arm64-musl@2.5.6':
    resolution: {integrity: sha512-qb6naMDGlbCwdhLj6hgoVKJl2odL34z2sqkC7Z6kzir8b5W65WYDpLB6R06KabvZdgoHI/zxke4b3zR0wAbDTA==}
    engines: {node: '>= 10.0.0'}
    cpu: [arm64]
    os: [linux]
    libc: [musl]

  '@parcel/watcher-linux-x64-glibc@2.5.6':
    resolution: {integrity: sha512-kbT5wvNQlx7NaGjzPFu8nVIW1rWqV780O7ZtkjuWaPUgpv2NMFpjYERVi0UYj1msZNyCzGlaCWEtzc+exjMGbQ==}
    engines: {node: '>= 10.0.0'}
    cpu: [x64]
    os: [linux]
    libc: [glibc]

  '@parcel/watcher-linux-x64-musl@2.5.6':
    resolution: {integrity: sha512-1JRFeC+h7RdXwldHzTsmdtYR/Ku8SylLgTU/reMuqdVD7CtLwf0VR1FqeprZ0eHQkO0vqsbvFLXUmYm/uNKJBg==}
    engines: {node: '>= 10.0.0'}
    cpu: [x64]
    os: [linux]
    libc: [musl]

  '@parcel/watcher-win32-arm64@2.5.6':
    resolution: {integrity: sha512-3ukyebjc6eGlw9yRt678DxVF7rjXatWiHvTXqphZLvo7aC5NdEgFufVwjFfY51ijYEWpXbqF5jtrK275z52D4Q==}
    engines: {node: '>= 10.0.0'}
    cpu: [arm64]
    os: [win32]

  '@parcel/watcher-win32-ia32@2.5.6':
    resolution: {integrity: sha512-k35yLp1ZMwwee3Ez/pxBi5cf4AoBKYXj00CZ80jUz5h8prpiaQsiRPKQMxoLstNuqe2vR4RNPEAEcjEFzhEz/g==}
    engines: {node: '>= 10.0.0'}
    cpu: [ia32]
    os: [win32]

  '@parcel/watcher-win32-x64@2.5.6':
    resolution: {integrity: sha512-hbQlYcCq5dlAX9Qx+kFb0FHue6vbjlf0FrNzSKdYK2APUf7tGfGxQCk2ihEREmbR6ZMc0MVAD5RIX/41gpUzTw==}
    engines: {node: '>= 10.0.0'}
    cpu: [x64]
    os: [win32]

  '@parcel/watcher@2.5.6':
    resolution: {integrity: sha512-tmmZ3lQxAe/k/+rNnXQRawJ4NjxO2hqiOLTHvWchtGZULp4RyFeh6aU4XdOYBFe2KE1oShQTv4AblOs2iOrNnQ==}
    engines: {node: '>= 10.0.0'}

  '@rsbuild/core@2.0.15':
    resolution: {integrity: sha512-O8vmMhZu1YImO6jOqt/K/vlJSvkq7UtSq5YM1DIlcEd9LW8Gf6/dkQ1B2KPI6F+hSMFBnTTTumdcIowSLCw97g==}
    engines: {node: ^20.19.0 || >=22.12.0}
    hasBin: true
    peerDependencies:
      core-js: '>= 3.0.0'
    peerDependenciesMeta:
      core-js:
        optional: true

  '@rsbuild/plugin-sass@1.5.3':
    resolution: {integrity: sha512-NViSITZF3J3i96GfemWfTZBZ43CNZUgTaaKgfti0I7odwy36Qlo8MIAbGjOy8pBSygIYn7Xl4+Jw8qAbTysCBw==}
    peerDependencies:
      '@rsbuild/core': ^1.3.0 || ^2.0.0-0
    peerDependenciesMeta:
      '@rsbuild/core':
        optional: true

  '@rspack/binding-darwin-arm64@2.0.8':
    resolution: {integrity: sha512-vCgbgH7B7qom+uID+RCZsTCOYFb9wC4/4+1U6rMfytrXGVJ72eNQs2tbdjOl0lb18CT3N/n+VkWynUiLk84GwA==}
    cpu: [arm64]
    os: [darwin]

  '@rspack/binding-darwin-x64@2.0.8':
    resolution: {integrity: sha512-satPm2PD4B7jDTVlVAdvMVdUszwLvWUEnUDzLb77mvVkezKNDZmuhb+e8s+FfKs8hJpNbZ9VAejuA2rr8o985w==}
    cpu: [x64]
    os: [darwin]

  '@rspack/binding-linux-arm64-gnu@2.0.8':
    resolution: {integrity: sha512-pSI+npPQE/uDtiboqvcOIRJbEV2+B+H1xffmko/gw50la92oTUW60kVULFwsb6L0+GVCzIcwX3yq60GtYIn+Ug==}
    cpu: [arm64]
    os: [linux]
    libc: [glibc]

  '@rspack/binding-linux-arm64-musl@2.0.8':
    resolution: {integrity: sha512-igjJ43yxWQ72GZqjDDZSSHax9/Vg+6rLMmOvFglTJUkQpB4Tyvu/YjW+WRjYj2xRw6blOjLxUSJWASvuSqqlvg==}
    cpu: [arm64]
    os: [linux]
    libc: [musl]

  '@rspack/binding-linux-x64-gnu@2.0.8':
    resolution: {integrity: sha512-zrkoEOnqj1hOEBO5T2I/2Ts2HSJsYFh1qXwMpK4dMJFGGNWDfNeUa6/LF5uq3VINF3JUl7RL47AgrucoSZJXPA==}
    cpu: [x64]
    os: [linux]
    libc: [glibc]

  '@rspack/binding-linux-x64-musl@2.0.8':
    resolution: {integrity: sha512-6CtDaGZjNDvJd9TBp7a9zABbrPORO21W96+3ZcGBn0YNUPUk4ARxIxrTTpeJ/1F41QDM8AYIkGDdqEYMqTYBsA==}
    cpu: [x64]
    os: [linux]
    libc: [musl]

  '@rspack/binding-wasm32-wasi@2.0.8':
    resolution: {integrity: sha512-Yf4SiqTUroT5Ju+te0YAY2xxKOb35tECsO21v7hYyGa705wrgoAK/MmF7enOvs9GR1iZIqgiLD/wxsIxl8GjJw==}
    cpu: [wasm32]

  '@rspack/binding-win32-arm64-msvc@2.0.8':
    resolution: {integrity: sha512-8NCuiQsAhXrwRBy57QZoypqrws/zLBkaQVGiB8hksr6v++8hNigNjqpQARLbd0iyMuHsQQ++8+auGk6xlDXmzw==}
    cpu: [arm64]
    os: [win32]

  '@rspack/binding-win32-ia32-msvc@2.0.8':
    resolution: {integrity: sha512-bxiekytbX7V9KFAra+HkwtNWC6pYfHEBBZFpiT0xUs3mCFOmAAFVBsBSQsoCP9AdCEXoMAvNdnrHNw3iov4OZw==}
    cpu: [ia32]
    os: [win32]

  '@rspack/binding-win32-x64-msvc@2.0.8':
    resolution: {integrity: sha512-7zPs8YCe/ZVJTwd+5lpB0CP0tkn2pONf/T1ycmVY76u21Nrwt8mXQGc/2yH2eWP4B7fikYBr3hGr7mpR2fajqQ==}
    cpu: [x64]
    os: [win32]

  '@rspack/binding@2.0.8':
    resolution: {integrity: sha512-3uZ+y8aQxq33ty2srMxg2Nu0XuBI6vVrG50rkDaXqwWqOohfgGUSfFuQK7EnSUNy4aFUQlCG6NHialQHJov0wg==}

  '@rspack/core@2.0.8':
    resolution: {integrity: sha512-+NLGJf8gZxihDmMFzjlly3toc2SMjeDmuvz0/Cai9AMdV4F+Pqcnt2BA9V4e3SY2jmhJQtPwgyyLtR1RiJO77g==}
    engines: {node: ^20.19.0 || >=22.12.0}
    peerDependencies:
      '@module-federation/runtime-tools': ^0.24.1 || ^2.0.0
      '@swc/helpers': ^0.5.23
    peerDependenciesMeta:
      '@module-federation/runtime-tools':
        optional: true
      '@swc/helpers':
        optional: true

  '@swc/helpers@0.5.23':
    resolution: {integrity: sha512-5lSsMOTXURePglDfvuAQUqkGek9Hg2kksOYay2m0+XR++b2NWYL/4sWyuvVBIs8oKnJaxkdi9whaL/sqN13afw==}

  '@tybys/wasm-util@0.10.2':
    resolution: {integrity: sha512-RoBvJ2X0wuKlWFIjrwffGw1IqZHKQqzIchKaadZZfnNpsAYp2mM0h36JtPCjNDAHGgYez/15uMBpfGwchhiMgg==}

  big.js@5.2.2:
    resolution: {integrity: sha512-vyL2OymJxmarO8gxMr0mhChsO9QGwhynfuu4+MHTAW6czfq9humCB7rKpUjDd9YUiDPU4mzpyupFSvOClAwbmQ==}

  chokidar@5.0.0:
    resolution: {integrity: sha512-TQMmc3w+5AxjpL8iIiwebF73dRDF4fBIieAqGn9RGCWaEVwQ6Fb2cGe31Yns0RRIzii5goJ1Y7xbMwo1TxMplw==}
    engines: {node: '>= 20.19.0'}

  colorjs.io@0.5.2:
    resolution: {integrity: sha512-twmVoizEW7ylZSN32OgKdXRmo1qg+wT5/6C3xu5b9QsWzSFAhHLn2xd8ro0diCsKfCj1RdaTP/nrcW+vAoQPIw==}

  deepmerge@4.3.1:
    resolution: {integrity: sha512-3sUqbMEc77XqpdNO7FRyRog+eW3ph+GYCbj+rK+uYyRMuwsVy0rMiVtPn+QJlKFvWP/1PYpapqYn0Me2knFn+A==}
    engines: {node: '>=0.10.0'}

  detect-libc@2.1.2:
    resolution: {integrity: sha512-Btj2BOOO83o3WyH59e8MgXsxEQVcarkUOpEYrubB0urwnN10yQ364rsiByU11nZlqWYZm05i/of7io4mzihBtQ==}
    engines: {node: '>=8'}

  emojis-list@3.0.0:
    resolution: {integrity: sha512-/kyM18EfinwXZbno9FyUGeFh87KC8HRQBQGildHZbEuRyWFOmv1U10o9BBp8XVZDVNNuQKyIGIu5ZYAAXJ0V2Q==}
    engines: {node: '>= 4'}

  has-flag@4.0.0:
    resolution: {integrity: sha512-EykJT/Q1KjTWctppgIAgfSO0tKVuZUjhgMr17kqTumMl6Afv3EISleU7qZUzoXDFTAHTDC4NOoG/ZxU3EvlMPQ==}
    engines: {node: '>=8'}

  immutable@5.1.6:
    resolution: {integrity: sha512-q1swsS8K7L8usSHuOqF2TAoCCkonYz0SG38wLAggaa4Wml70zixIvt2ql4coQ2C2B3hTjltJry4r6bULwgAXLQ==}

  is-extglob@2.1.1:
    resolution: {integrity: sha512-SbKbANkN603Vi4jEZv49LeVJMn4yGwsbzZworEoyEiutsN3nJYdbO36zfhGJ6QEDpOZIFkDtnq5JRxmvl3jsoQ==}
    engines: {node: '>=0.10.0'}

  is-glob@4.0.3:
    resolution: {integrity: sha512-xelSayHH36ZgE7ZWhli7pW34hNbNl8Ojv5KVmkJD4hBdD3th8Tfk9vYasLM+mXWOZhFkgZfxhLSnrwRr4elSSg==}
    engines: {node: '>=0.10.0'}

  json5@2.2.3:
    resolution: {integrity: sha512-XmOWe7eyHYH14cLdVPoyg+GOH3rYX++KpzrylJwSW98t3Nk+U8XOl8FWKOgwtzdb8lXGf6zYwDUzeHMWfxasyg==}
    engines: {node: '>=6'}
    hasBin: true

  loader-utils@2.0.4:
    resolution: {integrity: sha512-xXqpXoINfFhgua9xiqD8fPFHgkoq1mmmpE92WlDbm9rNRd/EbRb+Gqf908T2DMfuHjjJlksiK2RbHVOdD/MqSw==}
    engines: {node: '>=8.9.0'}

  nanoid@3.3.12:
    resolution: {integrity: sha512-ZB9RH/39qpq5Vu6Y+NmUaFhQR6pp+M2Xt76XBnEwDaGcVAqhlvxrl3B2bKS5D3NH3QR76v3aSrKaF/Kiy7lEtQ==}
    engines: {node: ^10 || ^12 || ^13.7 || ^14 || >=15.0.1}
    hasBin: true

  node-addon-api@7.1.1:
    resolution: {integrity: sha512-5m3bsyrjFWE1xf7nz7YXdN4udnVtXK6/Yfgn5qnahL6bCkf2yKt4k3nuTKAtT4r3IG8JNR2ncsIMdZuAzJjHQQ==}

  picocolors@1.1.1:
    resolution: {integrity: sha512-xceH2snhtb5M9liqDsmEw56le376mTZkEX/jEb/RxNFyegNul7eNslCXP9FDj/Lcu0X8KEyMceP2ntpaHrDEVA==}

  picomatch@4.0.4:
    resolution: {integrity: sha512-QP88BAKvMam/3NxH6vj2o21R6MjxZUAd6nlwAS/pnGvN9IVLocLHxGYIzFhg6fUQ+5th6P4dv4eW9jX3DSIj7A==}
    engines: {node: '>=12'}

  postcss@8.5.15:
    resolution: {integrity: sha512-FfR8sjd4em2T6fb3I2MwAJU7HWVMr9zba+enmQeeWFfCbm+UOC/0X4DS8XtpUTMwWMGbjKYP7xjfNekzyGmB3A==}
    engines: {node: ^10 || ^12 || >=14}

  readdirp@5.0.0:
    resolution: {integrity: sha512-9u/XQ1pvrQtYyMpZe7DXKv2p5CNvyVwzUB6uhLAnQwHMSgKMBR62lc7AHljaeteeHXn11XTAaLLUVZYVZyuRBQ==}
    engines: {node: '>= 20.19.0'}

  reduce-configs@1.1.2:
    resolution: {integrity: sha512-AgBP55V8FC7NaqoOP2RCbTpu6LE+YuX3LUZkNAoitcfyS3/PIC8Obg/TJrBzTkJ+lDvZv0TTAeDpLkzjTtYlbw==}

  rxjs@7.8.2:
    resolution: {integrity: sha512-dhKf903U/PQZY6boNNtAGdWbG85WAbjT/1xYoZIC7FAY0yWapOBQVsVrDl58W86//e1VpMNBtRV4MaXfdMySFA==}

  sass-embedded-all-unknown@1.100.0:
    resolution: {integrity: sha512-auFtXY/kwYILmSVjtBDwyj0axcLbYYiffOKWoaXHnI5bsYwiRbBh3EneR1rpbX2ZIZCrwX93i5pxKLTZF/662Q==}
    cpu: ['!arm', '!arm64', '!riscv64', '!x64']

  sass-embedded-android-arm64@1.100.0:
    resolution: {integrity: sha512-W+Ru9JwTnfU0UX3jSZcbqFdtKFMcYdfFwytc57h2DgnqCOIiAqI2E06mABZBZC+r3LwXCBuS5GbXAGeVgvVDkA==}
    engines: {node: '>=14.0.0'}
    cpu: [arm64]
    os: [android]

  sass-embedded-android-arm@1.100.0:
    resolution: {integrity: sha512-70f3HgX2pFNmzpGQ86n5e6QfWn2fP4QUQGfFQK0P1XH73ZLIzLo2YqygrGKGKeeqtc5eU2Wl1/xQzhzuKnO4kw==}
    engines: {node: '>=14.0.0'}
    cpu: [arm]
    os: [android]

  sass-embedded-android-riscv64@1.100.0:
    resolution: {integrity: sha512-icU3o0V/uCSytSpf+tX5Lf51BvyQEbLzDUJfUi9etSauYBGHpPKkdtdZH0si4v98phq11Kl8rSV1SggksxF1Hg==}
    engines: {node: '>=14.0.0'}
    cpu: [riscv64]
    os: [android]

  sass-embedded-android-x64@1.100.0:
    resolution: {integrity: sha512-mevF9VQk6gEYByy8+jusaHGmd7Usb2ytX/DsEOd0JtOGCtcf1kh575xJ6OUBDIcJ15uLnbau/0iy1eP6WVBvWA==}
    engines: {node: '>=14.0.0'}
    cpu: [x64]
    os: [android]

  sass-embedded-darwin-arm64@1.100.0:
    resolution: {integrity: sha512-1PVlYi61POo93IT/FfrG1mc1tAHxeSTyUALF2aOFmXGWjVXr3bQzEQiBGCOvQbj/ix+5hNyXFXcEMEyKvtUJJA==}
    engines: {node: '>=14.0.0'}
    cpu: [arm64]
    os: [darwin]

  sass-embedded-darwin-x64@1.100.0:
    resolution: {integrity: sha512-x97o3JnGyImZNCIVs9wQHJUE5QCvmVIKaH1cwrz/5dK7OT1FpeNiW+u9TUomP9hG6Ekjd8EL8NBHpxTfIhdjmg==}
    engines: {node: '>=14.0.0'}
    cpu: [x64]
    os: [darwin]

  sass-embedded-linux-arm64@1.100.0:
    resolution: {integrity: sha512-Dwjmj8Z6VRy7rAi53JAdEwIyUjpfl7PhpSc2/LpQPQx+aO5Dp7Spaipkax0ufJl1SoDUdchCsM4y/88YaluorQ==}
    engines: {node: '>=14.0.0'}
    cpu: [arm64]
    os: [linux]
    libc: glibc

  sass-embedded-linux-arm@1.100.0:
    resolution: {integrity: sha512-9Ul7O1eKrc5YlhwWjkp8tZPSe3UEwSZ1uwUZOQom1HL0pRlBA6F/IlGZYFTLwnHMIP1fc77MMNaBRfc05mKMpw==}
    engines: {node: '>=14.0.0'}
    cpu: [arm]
    os: [linux]
    libc: glibc

  sass-embedded-linux-musl-arm64@1.100.0:
    resolution: {integrity: sha512-XpACJB2KjSLjf2e9uuvGVdOURsoNrFqgRiihhXyUHK9W0t3LIHb7z5MA/7XGPIT9bWSOO2zyw+rH/FHtDV/Yrg==}
    engines: {node: '>=14.0.0'}
    cpu: [arm64]
    os: [linux]
    libc: musl

  sass-embedded-linux-musl-arm@1.100.0:
    resolution: {integrity: sha512-sl0JgbGloPyJg66XXx5UDSDScZ0oU85DpMQU4JU/sCUCFj1Z8zZ69SJWKTCNE4/jwnce7WI2zPCV5AG+RHOZJw==}
    engines: {node: '>=14.0.0'}
    cpu: [arm]
    os: [linux]
    libc: musl

  sass-embedded-linux-musl-riscv64@1.100.0:
    resolution: {integrity: sha512-ShvI0Kx04mwoCARwZ0UjiT97isQvzO80tAt91zmFyHLN9kelc/IrQi940farSm2xQVPCKdeVyeG0ekBsokSpYQ==}
    engines: {node: '>=14.0.0'}
    cpu: [riscv64]
    os: [linux]
    libc: musl

  sass-embedded-linux-musl-x64@1.100.0:
    resolution: {integrity: sha512-TDBCRWNuS4RDLQXvRc1gjZlWiWTWaWGp0Bwu/IKwJxov81lsvrCs3TihTyNXtW7V5aoN4Ky3r0QOkNb3mwmBnA==}
    engines: {node: '>=14.0.0'}
    cpu: [x64]
    os: [linux]
    libc: musl

  sass-embedded-linux-riscv64@1.100.0:
    resolution: {integrity: sha512-j4ENJGOheO+fm3j/yorLxCjBP6/XskrZx7dTLlT+lXYwN/qqCqoA/gsNLI0McS3DFM6GBwPiffzWsdWS8t6sEQ==}
    engines: {node: '>=14.0.0'}
    cpu: [riscv64]
    os: [linux]
    libc: glibc

  sass-embedded-linux-x64@1.100.0:
    resolution: {integrity: sha512-0vUSN8j0WGtCJIOPh//EmUvYGHW0QOe5iul8qyhPk50MAcw49MA0r34AhftjDdx94ILPF6vApFs0gwHPQRlpVA==}
    engines: {node: '>=14.0.0'}
    cpu: [x64]
    os: [linux]
    libc: glibc

  sass-embedded-unknown-all@1.100.0:
    resolution: {integrity: sha512-c+naBgWId4MIpToXcI0DgqetjdAkwTTAxFAuOaBz7HUXLdyG1oZRrEvSsbe41nEdQOKH0vgofVFCeSQgoXOG9A==}
    os: ['!android', '!darwin', '!linux', '!win32']

  sass-embedded-win32-arm64@1.100.0:
    resolution: {integrity: sha512-iE+yxj+hUXwwbqpHkXxgAWTzeRfcWxJ7SSTQEPMk48lwq3oCrWLlz5sQuWHbuTK/i0GKQfROdP+hOmPi89yjUg==}
    engines: {node: '>=14.0.0'}
    cpu: [arm64]
    os: [win32]

  sass-embedded-win32-x64@1.100.0:
    resolution: {integrity: sha512-qI4F8MI7/KYoy9NdjJfhSspG42WPkADSNDvwEV7qWvCSFC83koJssRsKO2/PfY+niZz6BG65Ic/D+A11h959hw==}
    engines: {node: '>=14.0.0'}
    cpu: [x64]
    os: [win32]

  sass-embedded@1.100.0:
    resolution: {integrity: sha512-Ut8wlQSk19tm7jMK6mz6cF1+e+E7tUnW2tM02zQDPnOTcVbV8qCQG8UWxZkkNlY50+hV3hqP24OOkUlMz8xBpw==}
    engines: {node: '>=16.0.0'}
    hasBin: true

  sass@1.100.0:
    resolution: {integrity: sha512-B5j0rYMlinhhOo9tjQebMVVn0TfyXAF+wB3b2ggZUuJ/is/Y+7+JGjirAMxHZ9Z3hIP98NPfamlAkBHa1lAaXQ==}
    engines: {node: '>=20.19.0'}
    hasBin: true

  sass@1.101.0:
    resolution: {integrity: sha512-OL3GoQyoUdDt843DpVmDO6y2k1sc5IhUDSpu8XucEI+35neq5QivZ1iuegnpraEVTJXlQGK1gl27zKcTLEPbQw==}
    engines: {node: '>=20.19.0'}
    hasBin: true

  source-map-js@1.2.1:
    resolution: {integrity: sha512-UXWMKhLOwVKb728IUtQPXxfYU+usdybtUrK/8uGE8CQMvrhOpwvzDBwj0QhSL7MQc7vIsISBG8VQ8+IDQxpfQA==}
    engines: {node: '>=0.10.0'}

  supports-color@8.1.1:
    resolution: {integrity: sha512-MpUEN2OodtUzxvKQl72cUF7RQ5EiHsGvSsVG0ia9c5RbWGL2CI4C7EpPS8UTBIplnlzZiNuV56w+FuNxy3ty2Q==}
    engines: {node: '>=10'}

  sync-child-process@1.0.2:
    resolution: {integrity: sha512-8lD+t2KrrScJ/7KXCSyfhT3/hRq78rC0wBFqNJXv3mZyn6hW2ypM05JmlSvtqRbeq6jqA94oHbxAr2vYsJ8vDA==}
    engines: {node: '>=16.0.0'}

  sync-message-port@1.2.0:
    resolution: {integrity: sha512-gAQ9qrUN/UCypHtGFbbe7Rc/f9bzO88IwrG8TDo/aMKAApKyD6E3W4Cm0EfhfBb6Z6SKt59tTCTfD+n1xmAvMg==}
    engines: {node: '>=16.0.0'}

  tslib@2.8.1:
    resolution: {integrity: sha512-oJFu94HQb+KVduSUQL7wnpmqnfmLsOA/nAh6b6EH0wCEoK0/mPeXU6c3wKDV83MkOuHPRHtSXKKU99IBazS/2w==}

  varint@6.0.0:
    resolution: {integrity: sha512-cXEIW6cfr15lFv563k4GuVuW/fiwjknytD37jIOLSdSWuOI6WnO/oKwmP2FQTU2l01LP8/M5TSAJpzUaGe3uWg==}

snapshots:

  '@bufbuild/protobuf@2.12.0': {}

  '@emnapi/core@1.10.0':
    dependencies:
      '@emnapi/wasi-threads': 1.2.1
      tslib: 2.8.1
    optional: true

  '@emnapi/runtime@1.10.0':
    dependencies:
      tslib: 2.8.1
    optional: true

  '@emnapi/wasi-threads@1.2.1':
    dependencies:
      tslib: 2.8.1
    optional: true

  '@napi-rs/wasm-runtime@1.1.4(@emnapi/core@1.10.0)(@emnapi/runtime@1.10.0)':
    dependencies:
      '@emnapi/core': 1.10.0
      '@emnapi/runtime': 1.10.0
      '@tybys/wasm-util': 0.10.2
    optional: true

  '@parcel/watcher-android-arm64@2.5.6':
    optional: true

  '@parcel/watcher-darwin-arm64@2.5.6':
    optional: true

  '@parcel/watcher-darwin-x64@2.5.6':
    optional: true

  '@parcel/watcher-freebsd-x64@2.5.6':
    optional: true

  '@parcel/watcher-linux-arm-glibc@2.5.6':
    optional: true

  '@parcel/watcher-linux-arm-musl@2.5.6':
    optional: true

  '@parcel/watcher-linux-arm64-glibc@2.5.6':
    optional: true

  '@parcel/watcher-linux-arm64-musl@2.5.6':
    optional: true

  '@parcel/watcher-linux-x64-glibc@2.5.6':
    optional: true

  '@parcel/watcher-linux-x64-musl@2.5.6':
    optional: true

  '@parcel/watcher-win32-arm64@2.5.6':
    optional: true

  '@parcel/watcher-win32-ia32@2.5.6':
    optional: true

  '@parcel/watcher-win32-x64@2.5.6':
    optional: true

  '@parcel/watcher@2.5.6':
    dependencies:
      detect-libc: 2.1.2
      is-glob: 4.0.3
      node-addon-api: 7.1.1
      picomatch: 4.0.4
    optionalDependencies:
      '@parcel/watcher-android-arm64': 2.5.6
      '@parcel/watcher-darwin-arm64': 2.5.6
      '@parcel/watcher-darwin-x64': 2.5.6
      '@parcel/watcher-freebsd-x64': 2.5.6
      '@parcel/watcher-linux-arm-glibc': 2.5.6
      '@parcel/watcher-linux-arm-musl': 2.5.6
      '@parcel/watcher-linux-arm64-glibc': 2.5.6
      '@parcel/watcher-linux-arm64-musl': 2.5.6
      '@parcel/watcher-linux-x64-glibc': 2.5.6
      '@parcel/watcher-linux-x64-musl': 2.5.6
      '@parcel/watcher-win32-arm64': 2.5.6
      '@parcel/watcher-win32-ia32': 2.5.6
      '@parcel/watcher-win32-x64': 2.5.6
    optional: true

  '@rsbuild/core@2.0.15':
    dependencies:
      '@rspack/core': 2.0.8(@swc/helpers@0.5.23)
      '@swc/helpers': 0.5.23
    transitivePeerDependencies:
      - '@module-federation/runtime-tools'

  '@rsbuild/plugin-sass@1.5.3(@rsbuild/core@2.0.15)':
    dependencies:
      deepmerge: 4.3.1
      loader-utils: 2.0.4
      postcss: 8.5.15
      reduce-configs: 1.1.2
      sass-embedded: 1.100.0
    optionalDependencies:
      '@rsbuild/core': 2.0.15

  '@rspack/binding-darwin-arm64@2.0.8':
    optional: true

  '@rspack/binding-darwin-x64@2.0.8':
    optional: true

  '@rspack/binding-linux-arm64-gnu@2.0.8':
    optional: true

  '@rspack/binding-linux-arm64-musl@2.0.8':
    optional: true

  '@rspack/binding-linux-x64-gnu@2.0.8':
    optional: true

  '@rspack/binding-linux-x64-musl@2.0.8':
    optional: true

  '@rspack/binding-wasm32-wasi@2.0.8':
    dependencies:
      '@emnapi/core': 1.10.0
      '@emnapi/runtime': 1.10.0
      '@napi-rs/wasm-runtime': 1.1.4(@emnapi/core@1.10.0)(@emnapi/runtime@1.10.0)
    optional: true

  '@rspack/binding-win32-arm64-msvc@2.0.8':
    optional: true

  '@rspack/binding-win32-ia32-msvc@2.0.8':
    optional: true

  '@rspack/binding-win32-x64-msvc@2.0.8':
    optional: true

  '@rspack/binding@2.0.8':
    optionalDependencies:
      '@rspack/binding-darwin-arm64': 2.0.8
      '@rspack/binding-darwin-x64': 2.0.8
      '@rspack/binding-linux-arm64-gnu': 2.0.8
      '@rspack/binding-linux-arm64-musl': 2.0.8
      '@rspack/binding-linux-x64-gnu': 2.0.8
      '@rspack/binding-linux-x64-musl': 2.0.8
      '@rspack/binding-wasm32-wasi': 2.0.8
      '@rspack/binding-win32-arm64-msvc': 2.0.8
      '@rspack/binding-win32-ia32-msvc': 2.0.8
      '@rspack/binding-win32-x64-msvc': 2.0.8

  '@rspack/core@2.0.8(@swc/helpers@0.5.23)':
    dependencies:
      '@rspack/binding': 2.0.8
    optionalDependencies:
      '@swc/helpers': 0.5.23

  '@swc/helpers@0.5.23':
    dependencies:
      tslib: 2.8.1

  '@tybys/wasm-util@0.10.2':
    dependencies:
      tslib: 2.8.1
    optional: true

  big.js@5.2.2: {}

  chokidar@5.0.0:
    dependencies:
      readdirp: 5.0.0

  colorjs.io@0.5.2: {}

  deepmerge@4.3.1: {}

  detect-libc@2.1.2:
    optional: true

  emojis-list@3.0.0: {}

  has-flag@4.0.0: {}

  immutable@5.1.6: {}

  is-extglob@2.1.1:
    optional: true

  is-glob@4.0.3:
    dependencies:
      is-extglob: 2.1.1
    optional: true

  json5@2.2.3: {}

  loader-utils@2.0.4:
    dependencies:
      big.js: 5.2.2
      emojis-list: 3.0.0
      json5: 2.2.3

  nanoid@3.3.12: {}

  node-addon-api@7.1.1:
    optional: true

  picocolors@1.1.1: {}

  picomatch@4.0.4:
    optional: true

  postcss@8.5.15:
    dependencies:
      nanoid: 3.3.12
      picocolors: 1.1.1
      source-map-js: 1.2.1

  readdirp@5.0.0: {}

  reduce-configs@1.1.2: {}

  rxjs@7.8.2:
    dependencies:
      tslib: 2.8.1

  sass-embedded-all-unknown@1.100.0:
    dependencies:
      sass: 1.100.0
    optional: true

  sass-embedded-android-arm64@1.100.0:
    optional: true

  sass-embedded-android-arm@1.100.0:
    optional: true

  sass-embedded-android-riscv64@1.100.0:
    optional: true

  sass-embedded-android-x64@1.100.0:
    optional: true

  sass-embedded-darwin-arm64@1.100.0:
    optional: true

  sass-embedded-darwin-x64@1.100.0:
    optional: true

  sass-embedded-linux-arm64@1.100.0:
    optional: true

  sass-embedded-linux-arm@1.100.0:
    optional: true

  sass-embedded-linux-musl-arm64@1.100.0:
    optional: true

  sass-embedded-linux-musl-arm@1.100.0:
    optional: true

  sass-embedded-linux-musl-riscv64@1.100.0:
    optional: true

  sass-embedded-linux-musl-x64@1.100.0:
    optional: true

  sass-embedded-linux-riscv64@1.100.0:
    optional: true

  sass-embedded-linux-x64@1.100.0:
    optional: true

  sass-embedded-unknown-all@1.100.0:
    dependencies:
      sass: 1.100.0
    optional: true

  sass-embedded-win32-arm64@1.100.0:
    optional: true

  sass-embedded-win32-x64@1.100.0:
    optional: true

  sass-embedded@1.100.0:
    dependencies:
      '@bufbuild/protobuf': 2.12.0
      colorjs.io: 0.5.2
      immutable: 5.1.6
      rxjs: 7.8.2
      supports-color: 8.1.1
      sync-child-process: 1.0.2
      varint: 6.0.0
    optionalDependencies:
      sass-embedded-all-unknown: 1.100.0
      sass-embedded-android-arm: 1.100.0
      sass-embedded-android-arm64: 1.100.0
      sass-embedded-android-riscv64: 1.100.0
      sass-embedded-android-x64: 1.100.0
      sass-embedded-darwin-arm64: 1.100.0
      sass-embedded-darwin-x64: 1.100.0
      sass-embedded-linux-arm: 1.100.0
      sass-embedded-linux-arm64: 1.100.0
      sass-embedded-linux-musl-arm: 1.100.0
      sass-embedded-linux-musl-arm64: 1.100.0
      sass-embedded-linux-musl-riscv64: 1.100.0
      sass-embedded-linux-musl-x64: 1.100.0
      sass-embedded-linux-riscv64: 1.100.0
      sass-embedded-linux-x64: 1.100.0
      sass-embedded-unknown-all: 1.100.0
      sass-embedded-win32-arm64: 1.100.0
      sass-embedded-win32-x64: 1.100.0

  sass@1.100.0:
    dependencies:
      chokidar: 5.0.0
      immutable: 5.1.6
      source-map-js: 1.2.1
    optionalDependencies:
      '@parcel/watcher': 2.5.6
    optional: true

  sass@1.101.0:
    dependencies:
      chokidar: 5.0.0
      immutable: 5.1.6
      source-map-js: 1.2.1
    optionalDependencies:
      '@parcel/watcher': 2.5.6

  source-map-js@1.2.1: {}

  supports-color@8.1.1:
    dependencies:
      has-flag: 4.0.0

  sync-child-process@1.0.2:
    dependencies:
      sync-message-port: 1.2.0

  sync-message-port@1.2.0: {}

  tslib@2.8.1: {}

  varint@6.0.0: {}
